
Microsoft Visual Studio Solution File, Format Version 12.00
# Visual Studio Version 16
VisualStudioVersion = 25.0.1706.6
MinimumVisualStudioVersion = 10.0.40219.1
Project("{FAE04EC0-301F-11D3-BF4B-00C04F79EFBC}") = "Hotels", "Hotels.csproj", "{31C6A7C1-265E-4214-8745-F71DDFC5151D}"
EndProject
Global
	GlobalSection(SolutionConfigurationPlatforms) = preSolution
		Debug|Any CPU = Debug|Any CPU
		Release|Any CPU = Release|Any CPU
	EndGlobalSection
	GlobalSection(ProjectConfigurationPlatforms) = postSolution
		{31C6A7C1-265E-4214-8745-F71DDFC5151D}.Debug|Any CPU.ActiveCfg = Debug|Any CPU
		{31C6A7C1-265E-4214-8745-F71DDFC5151D}.Debug|Any CPU.Build.0 = Debug|Any CPU
		{31C6A7C1-265E-4214-8745-F71DDFC5151D}.Release|Any CPU.ActiveCfg = Release|Any CPU
		{31C6A7C1-265E-4214-8745-F71DDFC5151D}.Release|Any CPU.Build.0 = Release|Any CPU
	EndGlobalSection
	GlobalSection(SolutionProperties) = preSolution
		HideSolutionNode = FALSE
	EndGlobalSection
	GlobalSection(ExtensibilityGlobals) = postSolution
		SolutionGuid = {0E6ACDE8-0853-489A-B954-1A6B334DFB78}
	EndGlobalSection
EndGlobal
